// !$*UTF8*$!
{
	archiveVersion = 1;
	classes = {
	};
	objectVersion = 50;
	objects = {

/* Begin PBXBuildFile section */
		8DF68EF424EC3FFB0004B821 /* ViewController.swift in Sources */ = {isa = PBXBuildFile; fileRef = 8DF68EF324EC3FFB0004B821 /* ViewController.swift */; };
		8DF68EFA24EC3FFB0004B821 /* hookinuitobackend2.xcdatamodeld in Sources */ = {isa = PBXBuildFile; fileRef = 8DF68EF824EC3FFB0004B821 /* hookinuitobackend2.xcdatamodeld */; };
		8DF68EFC24EC3FFF0004B821 /* Assets.xcassets in Resources */ = {isa = PBXBuildFile; fileRef = 8DF68EFB24EC3FFF0004B821 /* Assets.xcassets */; };
		8DF68EFF24EC3FFF0004B821 /* LaunchScreen.storyboard in Resources */ = {isa = PBXBuildFile; fileRef = 8DF68EFD24EC3FFF0004B821 /* LaunchScreen.storyboard */; };
		8DF68F0824EC40090004B821 /* extension.swift in Sources */ = {isa = PBXBuildFile; fileRef = 8DF68F0724EC40080004B821 /* extension.swift */; };
		8DF68F0C24EC40140004B821 /* Youtube.swift in Sources */ = {isa = PBXBuildFile; fileRef = 8DF68F0A24EC40140004B821 /* Youtube.swift */; };
		8DF68F0D24EC40140004B821 /* Instagram.swift in Sources */ = {isa = PBXBuildFile; fileRef = 8DF68F0B24EC40140004B821 /* Instagram.swift */; };
		8DF68F1924EC40200004B821 /* TwitterCollectionViewCell.swift in Sources */ = {isa = PBXBuildFile; fileRef = 8DF68F1024EC401F0004B821 /* TwitterCollectionViewCell.swift */; };
		8DF68F1A24EC40200004B821 /* TwitterCell.swift in Sources */ = {isa = PBXBuildFile; fileRef = 8DF68F1124EC401F0004B821 /* TwitterCell.swift */; };
		8DF68F1B24EC40200004B821 /* YoutubeCollectionViewCell.swift in Sources */ = {isa = PBXBuildFile; fileRef = 8DF68F1324EC401F0004B821 /* YoutubeCollectionViewCell.swift */; };
		8DF68F1C24EC40200004B821 /* YoutubeCell.swift in Sources */ = {isa = PBXBuildFile; fileRef = 8DF68F1424EC401F0004B821 /* YoutubeCell.swift */; };
		8DF68F1D24EC40200004B821 /* InstagramCell.swift in Sources */ = {isa = PBXBuildFile; fileRef = 8DF68F1624EC401F0004B821 /* InstagramCell.swift */; };
		8DF68F1E24EC40200004B821 /* InstagramCollectionViewCell.swift in Sources */ = {isa = PBXBuildFile; fileRef = 8DF68F1724EC401F0004B821 /* InstagramCollectionViewCell.swift */; };
		8DF68F1F24EC40200004B821 /* SocialController.swift in Sources */ = {isa = PBXBuildFile; fileRef = 8DF68F1824EC40200004B821 /* SocialController.swift */; };
		8DF68F2124EC404E0004B821 /* AppDelegate.swift in Sources */ = {isa = PBXBuildFile; fileRef = 8DF68F2024EC404E0004B821 /* AppDelegate.swift */; };
		8DF68F2324EC405A0004B821 /* SceneDelegate.swift in Sources */ = {isa = PBXBuildFile; fileRef = 8DF68F2224EC405A0004B821 /* SceneDelegate.swift */; };
		8DF68F2524EC40640004B821 /* Extensions.swift in Sources */ = {isa = PBXBuildFile; fileRef = 8DF68F2424EC40640004B821 /* Extensions.swift */; };
/* End PBXBuildFile section */

/* Begin PBXFileReference section */
		8DF68EEC24EC3FFB0004B821 /* hookinuitobackend2.app */ = {isa = PBXFileReference; explicitFileType = wrapper.application; includeInIndex = 0; path = hookinuitobackend2.app; sourceTree = BUILT_PRODUCTS_DIR; };
		8DF68EF324EC3FFB0004B821 /* ViewController.swift */ = {isa = PBXFileReference; lastKnownFileType = sourcecode.swift; path = ViewController.swift; sourceTree = "<group>"; };
		8DF68EF924EC3FFB0004B821 /* hookinuitobackend2.xcdatamodel */ = {isa = PBXFileReference; lastKnownFileType = wrapper.xcdatamodel; path = hookinuitobackend2.xcdatamodel; sourceTree = "<group>"; };
		8DF68EFB24EC3FFF0004B821 /* Assets.xcassets */ = {isa = PBXFileReference; lastKnownFileType = folder.assetcatalog; path = Assets.xcassets; sourceTree = "<group>"; };
		8DF68EFE24EC3FFF0004B821 /* Base */ = {isa = PBXFileReference; lastKnownFileType = file.storyboard; name = Base; path = Base.lproj/LaunchScreen.storyboard; sourceTree = "<group>"; };
		8DF68F0024EC3FFF0004B821 /* Info.plist */ = {isa = PBXFileReference; lastKnownFileType = text.plist.xml; path = Info.plist; sourceTree = "<group>"; };
		8DF68F0724EC40080004B821 /* extension.swift */ = {isa = PBXFileReference; fileEncoding = 4; lastKnownFileType = sourcecode.swift; path = extension.swift; sourceTree = "<group>"; };
		8DF68F0A24EC40140004B821 /* Youtube.swift */ = {isa = PBXFileReference; fileEncoding = 4; lastKnownFileType = sourcecode.swift; path = Youtube.swift; sourceTree = "<group>"; };
		8DF68F0B24EC40140004B821 /* Instagram.swift */ = {isa = PBXFileReference; fileEncoding = 4; lastKnownFileType = sourcecode.swift; path = Instagram.swift; sourceTree = "<group>"; };
		8DF68F1024EC401F0004B821 /* TwitterCollectionViewCell.swift */ = {isa = PBXFileReference; fileEncoding = 4; lastKnownFileType = sourcecode.swift; path = TwitterCollectionViewCell.swift; sourceTree = "<group>"; };
		8DF68F1124EC401F0004B821 /* TwitterCell.swift */ = {isa = PBXFileReference; fileEncoding = 4; lastKnownFileType = sourcecode.swift; path = TwitterCell.swift; sourceTree = "<group>"; };
		8DF68F1324EC401F0004B821 /* YoutubeCollectionViewCell.swift */ = {isa = PBXFileReference; fileEncoding = 4; lastKnownFileType = sourcecode.swift; path = YoutubeCollectionViewCell.swift; sourceTree = "<group>"; };
		8DF68F1424EC401F0004B821 /* YoutubeCell.swift */ = {isa = PBXFileReference; fileEncoding = 4; lastKnownFileType = sourcecode.swift; path = YoutubeCell.swift; sourceTree = "<group>"; };
		8DF68F1624EC401F0004B821 /* InstagramCell.swift */ = {isa = PBXFileReference; fileEncoding = 4; lastKnownFileType = sourcecode.swift; path = InstagramCell.swift; sourceTree = "<group>"; };
		8DF68F1724EC401F0004B821 /* InstagramCollectionViewCell.swift */ = {isa = PBXFileReference; fileEncoding = 4; lastKnownFileType = sourcecode.swift; path = InstagramCollectionViewCell.swift; sourceTree = "<group>"; };
		8DF68F1824EC40200004B821 /* SocialController.swift */ = {isa = PBXFileReference; fileEncoding = 4; lastKnownFileType = sourcecode.swift; path = SocialController.swift; sourceTree = "<group>"; };
		8DF68F2024EC404E0004B821 /* AppDelegate.swift */ = {isa = PBXFileReference; fileEncoding = 4; lastKnownFileType = sourcecode.swift; name = AppDelegate.swift; path = ../../HookinUItoBAckend/TT_Socials/AppDelegate.swift; sourceTree = "<group>"; };
		8DF68F2224EC405A0004B821 /* SceneDelegate.swift */ = {isa = PBXFileReference; fileEncoding = 4; lastKnownFileType = sourcecode.swift; name = SceneDelegate.swift; path = ../../HookinUItoBAckend/TT_Socials/SceneDelegate.swift; sourceTree = "<group>"; };
		8DF68F2424EC40640004B821 /* Extensions.swift */ = {isa = PBXFileReference; fileEncoding = 4; lastKnownFileType = sourcecode.swift; path = Extensions.swift; sourceTree = "<group>"; };
/* End PBXFileReference section */

/* Begin PBXFrameworksBuildPhase section */
		8DF68EE924EC3FFB0004B821 /* Frameworks */ = {
			isa = PBXFrameworksBuildPhase;
			buildActionMask = 2147483647;
			files = (
			);
			runOnlyForDeploymentPostprocessing = 0;
		};
/* End PBXFrameworksBuildPhase section */

/* Begin PBXGroup section */
		8DF68EE324EC3FFB0004B821 = {
			isa = PBXGroup;
			children = (
				8DF68EEE24EC3FFB0004B821 /* hookinuitobackend2 */,
				8DF68EED24EC3FFB0004B821 /* Products */,
			);
			sourceTree = "<group>";
		};
		8DF68EED24EC3FFB0004B821 /* Products */ = {
			isa = PBXGroup;
			children = (
				8DF68EEC24EC3FFB0004B821 /* hookinuitobackend2.app */,
			);
			name = Products;
			sourceTree = "<group>";
		};
		8DF68EEE24EC3FFB0004B821 /* hookinuitobackend2 */ = {
			isa = PBXGroup;
			children = (
				8DF68F2024EC404E0004B821 /* AppDelegate.swift */,
				8DF68F2224EC405A0004B821 /* SceneDelegate.swift */,
				8DF68F2424EC40640004B821 /* Extensions.swift */,
				8DF68F0624EC40080004B821 /* Utils */,
				8DF68EF324EC3FFB0004B821 /* ViewController.swift */,
				8DF68F0924EC40140004B821 /* model */,
				8DF68F0E24EC401F0004B821 /* Social */,
				8DF68EFB24EC3FFF0004B821 /* Assets.xcassets */,
				8DF68EFD24EC3FFF0004B821 /* LaunchScreen.storyboard */,
				8DF68F0024EC3FFF0004B821 /* Info.plist */,
				8DF68EF824EC3FFB0004B821 /* hookinuitobackend2.xcdatamodeld */,
			);
			path = hookinuitobackend2;
			sourceTree = "<group>";
		};
		8DF68F0624EC40080004B821 /* Utils */ = {
			isa = PBXGroup;
			children = (
				8DF68F0724EC40080004B821 /* extension.swift */,
			);
			name = Utils;
			path = ../../HookinUItoBAckend/TT_Socials/Utils;
			sourceTree = "<group>";
		};
		8DF68F0924EC40140004B821 /* model */ = {
			isa = PBXGroup;
			children = (
				8DF68F0A24EC40140004B821 /* Youtube.swift */,
				8DF68F0B24EC40140004B821 /* Instagram.swift */,
			);
			name = model;
			path = ../../HookinUItoBAckend/TT_Socials/model;
			sourceTree = "<group>";
		};
		8DF68F0E24EC401F0004B821 /* Social */ = {
			isa = PBXGroup;
			children = (
				8DF68F0F24EC401F0004B821 /* Twitter */,
				8DF68F1224EC401F0004B821 /* Youtube */,
				8DF68F1524EC401F0004B821 /* instagram */,
				8DF68F1824EC40200004B821 /* SocialController.swift */,
			);
			path = Social;
			sourceTree = "<group>";
		};
		8DF68F0F24EC401F0004B821 /* Twitter */ = {
			isa = PBXGroup;
			children = (
				8DF68F1024EC401F0004B821 /* TwitterCollectionViewCell.swift */,
				8DF68F1124EC401F0004B821 /* TwitterCell.swift */,
			);
			path = Twitter;
			sourceTree = "<group>";
		};
		8DF68F1224EC401F0004B821 /* Youtube */ = {
			isa = PBXGroup;
			children = (
				8DF68F1324EC401F0004B821 /* YoutubeCollectionViewCell.swift */,
				8DF68F1424EC401F0004B821 /* YoutubeCell.swift */,
			);
			path = Youtube;
			sourceTree = "<group>";
		};
		8DF68F1524EC401F0004B821 /* instagram */ = {
			isa = PBXGroup;
			children = (
				8DF68F1624EC401F0004B821 /* InstagramCell.swift */,
				8DF68F1724EC401F0004B821 /* InstagramCollectionViewCell.swift */,
			);
			path = instagram;
			sourceTree = "<group>";
		};
/* End PBXGroup section */

/* Begin PBXNativeTarget section */
		8DF68EEB24EC3FFB0004B821 /* hookinuitobackend2 */ = {
			isa = PBXNativeTarget;
			buildConfigurationList = 8DF68F0324EC3FFF0004B821 /* Build configuration list for PBXNativeTarget "hookinuitobackend2" */;
			buildPhases = (
				8DF68EE824EC3FFB0004B821 /* Sources */,
				8DF68EE924EC3FFB0004B821 /* Frameworks */,
				8DF68EEA24EC3FFB0004B821 /* Resources */,
			);
			buildRules = (
			);
			dependencies = (
			);
			name = hookinuitobackend2;
			productName = hookinuitobackend2;
			productReference = 8DF68EEC24EC3FFB0004B821 /* hookinuitobackend2.app */;
			productType = "com.apple.product-type.application";
		};
/* End PBXNativeTarget section */

/* Begin PBXProject section */
		8DF68EE424EC3FFB0004B821 /* Project object */ = {
			isa = PBXProject;
			attributes = {
				LastSwiftUpdateCheck = 1160;
				LastUpgradeCheck = 1160;
				ORGANIZATIONNAME = "Tushar Elangovan";
				TargetAttributes = {
					8DF68EEB24EC3FFB0004B821 = {
						CreatedOnToolsVersion = 11.6;
					};
				};
			};
			buildConfigurationList = 8DF68EE724EC3FFB0004B821 /* Build configuration list for PBXProject "hookinuitobackend2" */;
			compatibilityVersion = "Xcode 9.3";
			developmentRegion = en;
			hasScannedForEncodings = 0;
			knownRegions = (
				en,
				Base,
			);
			mainGroup = 8DF68EE324EC3FFB0004B821;
			productRefGroup = 8DF68EED24EC3FFB0004B821 /* Products */;
			projectDirPath = "";
			projectRoot = "";
			targets = (
				8DF68EEB24EC3FFB0004B821 /* hookinuitobackend2 */,
			);
		};
/* End PBXProject section */

/* Begin PBXResourcesBuildPhase section */
		8DF68EEA24EC3FFB0004B821 /* Resources */ = {
			isa = PBXResourcesBuildPhase;
			buildActionMask = 2147483647;
			files = (
				8DF68EFF24EC3FFF0004B821 /* LaunchScreen.storyboard in Resources */,
				8DF68EFC24EC3FFF0004B821 /* Assets.xcassets in Resources */,
			);
			runOnlyForDeploymentPostprocessing = 0;
		};
/* End PBXResourcesBuildPhase section */

/* Begin PBXSourcesBuildPhase section */
		8DF68EE824EC3FFB0004B821 /* Sources */ = {
			isa = PBXSourcesBuildPhase;
			buildActionMask = 2147483647;
			files = (
				8DF68F1C24EC40200004B821 /* YoutubeCell.swift in Sources */,
				8DF68F1B24EC40200004B821 /* YoutubeCollectionViewCell.swift in Sources */,
				8DF68EF424EC3FFB0004B821 /* ViewController.swift in Sources */,
				8DF68F2124EC404E0004B821 /* AppDelegate.swift in Sources */,
				8DF68EFA24EC3FFB0004B821 /* hookinuitobackend2.xcdatamodeld in Sources */,
				8DF68F2324EC405A0004B821 /* SceneDelegate.swift in Sources */,
				8DF68F0C24EC40140004B821 /* Youtube.swift in Sources */,
				8DF68F1924EC40200004B821 /* TwitterCollectionViewCell.swift in Sources */,
				8DF68F0D24EC40140004B821 /* Instagram.swift in Sources */,
				8DF68F1E24EC40200004B821 /* InstagramCollectionViewCell.swift in Sources */,
				8DF68F2524EC40640004B821 /* Extensions.swift in Sources */,
				8DF68F1D24EC40200004B821 /* InstagramCell.swift in Sources */,
				8DF68F0824EC40090004B821 /* extension.swift in Sources */,
				8DF68F1A24EC40200004B821 /* TwitterCell.swift in Sources */,
				8DF68F1F24EC40200004B821 /* SocialController.swift in Sources */,
			);
			runOnlyForDeploymentPostprocessing = 0;
		};
/* End PBXSourcesBuildPhase section */

/* Begin PBXVariantGroup section */
		8DF68EFD24EC3FFF0004B821 /* LaunchScreen.storyboard */ = {
			isa = PBXVariantGroup;
			children = (
				8DF68EFE24EC3FFF0004B821 /* Base */,
			);
			name = LaunchScreen.storyboard;
			sourceTree = "<group>";
		};
/* End PBXVariantGroup section */

/* Begin XCBuildConfiguration section */
		8DF68F0124EC3FFF0004B821 /* Debug */ = {
			isa = XCBuildConfiguration;
			buildSettings = {
				ALWAYS_SEARCH_USER_PATHS = NO;
				CLANG_ANALYZER_NONNULL = YES;
				CLANG_ANALYZER_NUMBER_OBJECT_CONVERSION = YES_AGGRESSIVE;
				CLANG_CXX_LANGUAGE_STANDARD = "gnu++14";
				CLANG_CXX_LIBRARY = "libc++";
				CLANG_ENABLE_MODULES = YES;
				CLANG_ENABLE_OBJC_ARC = YES;
				CLANG_ENABLE_OBJC_WEAK = YES;
				CLANG_WARN_BLOCK_CAPTURE_AUTORELEASING = YES;
				CLANG_WARN_BOOL_CONVERSION = YES;
				CLANG_WARN_COMMA = YES;
				CLANG_WARN_CONSTANT_CONVERSION = YES;
				CLANG_WARN_DEPRECATED_OBJC_IMPLEMENTATIONS = YES;
				CLANG_WARN_DIRECT_OBJC_ISA_USAGE = YES_ERROR;
				CLANG_WARN_DOCUMENTATION_COMMENTS = YES;
				CLANG_WARN_EMPTY_BODY = YES;
				CLANG_WARN_ENUM_CONVERSION = YES;
				CLANG_WARN_INFINITE_RECURSION = YES;
				CLANG_WARN_INT_CONVERSION = YES;
				CLANG_WARN_NON_LITERAL_NULL_CONVERSION = YES;
				CLANG_WARN_OBJC_IMPLICIT_RETAIN_SELF = YES;
				CLANG_WARN_OBJC_LITERAL_CONVERSION = YES;
				CLANG_WARN_OBJC_ROOT_CLASS = YES_ERROR;
				CLANG_WARN_RANGE_LOOP_ANALYSIS = YES;
				CLANG_WARN_STRICT_PROTOTYPES = YES;
				CLANG_WARN_SUSPICIOUS_MOVE = YES;
				CLANG_WARN_UNGUARDED_AVAILABILITY = YES_AGGRESSIVE;
				CLANG_WARN_UNREACHABLE_CODE = YES;
				CLANG_WARN__DUPLICATE_METHOD_MATCH = YES;
				COPY_PHASE_STRIP = NO;
				DEBUG_INFORMATION_FORMAT = dwarf;
				ENABLE_STRICT_OBJC_MSGSEND = YES;
				ENABLE_TESTABILITY = YES;
				GCC_C_LANGUAGE_STANDARD = gnu11;
				GCC_DYNAMIC_NO_PIC = NO;
				GCC_NO_COMMON_BLOCKS = YES;
				GCC_OPTIMIZATION_LEVEL = 0;
				GCC_PREPROCESSOR_DEFINITIONS = (
					"DEBUG=1",
					"$(inherited)",
				);
				GCC_WARN_64_TO_32_BIT_CONVERSION = YES;
				GCC_WARN_ABOUT_RETURN_TYPE = YES_ERROR;
				GCC_WARN_UNDECLARED_SELECTOR = YES;
				GCC_WARN_UNINITIALIZED_AUTOS = YES_AGGRESSIVE;
				GCC_WARN_UNUSED_FUNCTION = YES;
				GCC_WARN_UNUSED_VARIABLE = YES;
				IPHONEOS_DEPLOYMENT_TARGET = 13.6;
				MTL_ENABLE_DEBUG_INFO = INCLUDE_SOURCE;
				MTL_FAST_MATH = YES;
				ONLY_ACTIVE_ARCH = YES;
				SDKROOT = iphoneos;
				SWIFT_ACTIVE_COMPILATION_CONDITIONS = DEBUG;
				SWIFT_OPTIMIZATION_LEVEL = "-Onone";
			};
			name = Debug;
		};
		8DF68F0224EC3FFF0004B821 /* Release */ = {
			isa = XCBuildConfiguration;
			buildSettings = {
				ALWAYS_SEARCH_USER_PATHS = NO;
				CLANG_ANALYZER_NONNULL = YES;
				CLANG_ANALYZER_NUMBER_OBJECT_CONVERSION = YES_AGGRESSIVE;
				CLANG_CXX_LANGUAGE_STANDARD = "gnu++14";
				CLANG_CXX_LIBRARY = "libc++";
				CLANG_ENABLE_MODULES = YES;
				CLANG_ENABLE_OBJC_ARC = YES;
				CLANG_ENABLE_OBJC_WEAK = YES;
				CLANG_WARN_BLOCK_CAPTURE_AUTORELEASING = YES;
				CLANG_WARN_BOOL_CONVERSION = YES;
				CLANG_WARN_COMMA = YES;
				CLANG_WARN_CONSTANT_CONVERSION = YES;
				CLANG_WARN_DEPRECATED_OBJC_IMPLEMENTATIONS = YES;
				CLANG_WARN_DIRECT_OBJC_ISA_USAGE = YES_ERROR;
				CLANG_WARN_DOCUMENTATION_COMMENTS = YES;
				CLANG_WARN_EMPTY_BODY = YES;
				CLANG_WARN_ENUM_CONVERSION = YES;
				CLANG_WARN_INFINITE_RECURSION = YES;
				CLANG_WARN_INT_CONVERSION = YES;
				CLANG_WARN_NON_LITERAL_NULL_CONVERSION = YES;
				CLANG_WARN_OBJC_IMPLICIT_RETAIN_SELF = YES;
				CLANG_WARN_OBJC_LITERAL_CONVERSION = YES;
				CLANG_WARN_OBJC_ROOT_CLASS = YES_ERROR;
				CLANG_WARN_RANGE_LOOP_ANALYSIS = YES;
				CLANG_WARN_STRICT_PROTOTYPES = YES;
				CLANG_WARN_SUSPICIOUS_MOVE = YES;
				CLANG_WARN_UNGUARDED_AVAILABILITY = YES_AGGRESSIVE;
				CLANG_WARN_UNREACHABLE_CODE = YES;
				CLANG_WARN__DUPLICATE_METHOD_MATCH = YES;
				COPY_PHASE_STRIP = NO;
				DEBUG_INFORMATION_FORMAT = "dwarf-with-dsym";
				ENABLE_NS_ASSERTIONS = NO;
				ENABLE_STRICT_OBJC_MSGSEND = YES;
				GCC_C_LANGUAGE_STANDARD = gnu11;
				GCC_NO_COMMON_BLOCKS = YES;
				GCC_WARN_64_TO_32_BIT_CONVERSION = YES;
				GCC_WARN_ABOUT_RETURN_TYPE = YES_ERROR;
				GCC_WARN_UNDECLARED_SELECTOR = YES;
				GCC_WARN_UNINITIALIZED_AUTOS = YES_AGGRESSIVE;
				GCC_WARN_UNUSED_FUNCTION = YES;
				GCC_WARN_UNUSED_VARIABLE = YES;
				IPHONEOS_DEPLOYMENT_TARGET = 13.6;
				MTL_ENABLE_DEBUG_INFO = NO;
				MTL_FAST_MATH = YES;
				SDKROOT = iphoneos;
				SWIFT_COMPILATION_MODE = wholemodule;
				SWIFT_OPTIMIZATION_LEVEL = "-O";
				VALIDATE_PRODUCT = YES;
			};
			name = Release;
		};
		8DF68F0424EC3FFF0004B821 /* Debug */ = {
			isa = XCBuildConfiguration;
			buildSettings = {
				ASSETCATALOG_COMPILER_APPICON_NAME = AppIcon;
				CODE_SIGN_STYLE = Automatic;
				DEVELOPMENT_TEAM = G879XHMX6G;
				INFOPLIST_FILE = hookinuitobackend2/Info.plist;
				LD_RUNPATH_SEARCH_PATHS = (
					"$(inherited)",
					"@executable_path/Frameworks",
				);
				PRODUCT_BUNDLE_IDENTIFIER = tushar.firstapp.hookinuitobackend2;
				PRODUCT_NAME = "$(TARGET_NAME)";
				SWIFT_VERSION = 5.0;
				TARGETED_DEVICE_FAMILY = "1,2";
			};
			name = Debug;
		};
		8DF68F0524EC3FFF0004B821 /* Release */ = {
			isa = XCBuildConfiguration;
			buildSettings = {
				ASSETCATALOG_COMPILER_APPICON_NAME = AppIcon;
				CODE_SIGN_STYLE = Automatic;
				DEVELOPMENT_TEAM = G879XHMX6G;
				INFOPLIST_FILE = hookinuitobackend2/Info.plist;
				LD_RUNPATH_SEARCH_PATHS = (
					"$(inherited)",
					"@executable_path/Frameworks",
				);
				PRODUCT_BUNDLE_IDENTIFIER = tushar.firstapp.hookinuitobackend2;
				PRODUCT_NAME = "$(TARGET_NAME)";
				SWIFT_VERSION = 5.0;
				TARGETED_DEVICE_FAMILY = "1,2";
			};
			name = Release;
		};
/* End XCBuildConfiguration section */

/* Begin XCConfigurationList section */
		8DF68EE724EC3FFB0004B821 /* Build configuration list for PBXProject "hookinuitobackend2" */ = {
			isa = XCConfigurationList;
			buildConfigurations = (
				8DF68F0124EC3FFF0004B821 /* Debug */,
				8DF68F0224EC3FFF0004B821 /* Release */,
			);
			defaultConfigurationIsVisible = 0;
			defaultConfigurationName = Release;
		};
		8DF68F0324EC3FFF0004B821 /* Build configuration list for PBXNativeTarget "hookinuitobackend2" */ = {
			isa = XCConfigurationList;
			buildConfigurations = (
				8DF68F0424EC3FFF0004B821 /* Debug */,
				8DF68F0524EC3FFF0004B821 /* Release */,
			);
			defaultConfigurationIsVisible = 0;
			defaultConfigurationName = Release;
		};
/* End XCConfigurationList section */

/* Begin XCVersionGroup section */
		8DF68EF824EC3FFB0004B821 /* hookinuitobackend2.xcdatamodeld */ = {
			isa = XCVersionGroup;
			children = (
				8DF68EF924EC3FFB0004B821 /* hookinuitobackend2.xcdatamodel */,
			);
			currentVersion = 8DF68EF924EC3FFB0004B821 /* hookinuitobackend2.xcdatamodel */;
			path = hookinuitobackend2.xcdatamodeld;
			sourceTree = "<group>";
			versionGroupType = wrapper.xcdatamodel;
		};
/* End XCVersionGroup section */
	};
	rootObject = 8DF68EE424EC3FFB0004B821 /* Project object */;
}
